
Microsoft Visual Studio Solution File, Format Version 12.00
# Visual Studio Version 17
VisualStudioVersion = 17.0.32002.185
MinimumVisualStudioVersion = 10.0.40219.1
Project("{FAE04EC0-301F-11D3-BF4B-00C04F79EFBC}") = "lab3", "lab3.csproj", "{B4B3A59F-3146-4593-96DA-D79B655E28A7}"
EndProject
Global
	GlobalSection(SolutionConfigurationPlatforms) = preSolution
		Debug|Any CPU = Debug|Any CPU
		Release|Any CPU = Release|Any CPU
	EndGlobalSection
	GlobalSection(ProjectConfigurationPlatforms) = postSolution
		{B4B3A59F-3146-4593-96DA-D79B655E28A7}.Debug|Any CPU.ActiveCfg = Debug|Any CPU
		{B4B3A59F-3146-4593-96DA-D79B655E28A7}.Debug|Any CPU.Build.0 = Debug|Any CPU
		{B4B3A59F-3146-4593-96DA-D79B655E28A7}.Release|Any CPU.ActiveCfg = Release|Any CPU
		{B4B3A59F-3146-4593-96DA-D79B655E28A7}.Release|Any CPU.Build.0 = Release|Any CPU
	EndGlobalSection
	GlobalSection(SolutionProperties) = preSolution
		HideSolutionNode = FALSE
	EndGlobalSection
	GlobalSection(ExtensibilityGlobals) = postSolution
		SolutionGuid = {522EFD5E-E1E6-4DAF-8445-BE374979F827}
	EndGlobalSection
EndGlobal
